
Microsoft Visual Studio Solution File, Format Version 12.00
Project("{FAE04EC0-301F-11D3-BF4B-00C04F79EFBC}") = "WowParser.Main", "WowParser.Main\WowParser.Main.csproj", "{AF8F726D-72A0-40BA-B0A0-1792C41C7F3B}"
EndProject
Project("{FAE04EC0-301F-11D3-BF4B-00C04F79EFBC}") = "WowParser.SimpleParser", "WowParser.SimpleParser\WowParser.SimpleParser.csproj", "{7B329AEF-EA44-41E0-BA2F-58C83D3390FF}"
EndProject
Project("{FAE04EC0-301F-11D3-BF4B-00C04F79EFBC}") = "WowParser.Model", "WowParser.Model\WowParser.Model.csproj", "{800E107D-A3D3-4A14-938F-B9F47181085A}"
EndProject
Global
	GlobalSection(SolutionConfigurationPlatforms) = preSolution
		Debug|Any CPU = Debug|Any CPU
		Release|Any CPU = Release|Any CPU
	EndGlobalSection
	GlobalSection(ProjectConfigurationPlatforms) = postSolution
		{AF8F726D-72A0-40BA-B0A0-1792C41C7F3B}.Debug|Any CPU.ActiveCfg = Debug|Any CPU
		{AF8F726D-72A0-40BA-B0A0-1792C41C7F3B}.Debug|Any CPU.Build.0 = Debug|Any CPU
		{AF8F726D-72A0-40BA-B0A0-1792C41C7F3B}.Release|Any CPU.ActiveCfg = Release|Any CPU
		{AF8F726D-72A0-40BA-B0A0-1792C41C7F3B}.Release|Any CPU.Build.0 = Release|Any CPU
		{7B329AEF-EA44-41E0-BA2F-58C83D3390FF}.Debug|Any CPU.ActiveCfg = Debug|Any CPU
		{7B329AEF-EA44-41E0-BA2F-58C83D3390FF}.Debug|Any CPU.Build.0 = Debug|Any CPU
		{7B329AEF-EA44-41E0-BA2F-58C83D3390FF}.Release|Any CPU.ActiveCfg = Release|Any CPU
		{7B329AEF-EA44-41E0-BA2F-58C83D3390FF}.Release|Any CPU.Build.0 = Release|Any CPU
		{800E107D-A3D3-4A14-938F-B9F47181085A}.Debug|Any CPU.ActiveCfg = Debug|Any CPU
		{800E107D-A3D3-4A14-938F-B9F47181085A}.Debug|Any CPU.Build.0 = Debug|Any CPU
		{800E107D-A3D3-4A14-938F-B9F47181085A}.Release|Any CPU.ActiveCfg = Release|Any CPU
		{800E107D-A3D3-4A14-938F-B9F47181085A}.Release|Any CPU.Build.0 = Release|Any CPU
	EndGlobalSection
EndGlobal
